
Microsoft Visual Studio Solution File, Format Version 12.00
# Visual Studio 15
VisualStudioVersion = 15.0.27428.2037
MinimumVisualStudioVersion = 10.0.40219.1
Project("{FAE04EC0-301F-11D3-BF4B-00C04F79EFBC}") = "CellularAutomaton", "CellularAutomaton\CellularAutomaton.csproj", "{8114F54F-6C38-437F-9A36-C185353EA5A9}"
EndProject
Project("{FAE04EC0-301F-11D3-BF4B-00C04F79EFBC}") = "ReactionDiffusion", "ReactionDiffusion\ReactionDiffusion.csproj", "{8FFE119A-2A0B-4F51-AF67-11359B53303B}"
EndProject
Global
	GlobalSection(SolutionConfigurationPlatforms) = preSolution
		Debug|Any CPU = Debug|Any CPU
		Release|Any CPU = Release|Any CPU
	EndGlobalSection
	GlobalSection(ProjectConfigurationPlatforms) = postSolution
		{8114F54F-6C38-437F-9A36-C185353EA5A9}.Debug|Any CPU.ActiveCfg = Debug|Any CPU
		{8114F54F-6C38-437F-9A36-C185353EA5A9}.Debug|Any CPU.Build.0 = Debug|Any CPU
		{8114F54F-6C38-437F-9A36-C185353EA5A9}.Release|Any CPU.ActiveCfg = Release|Any CPU
		{8114F54F-6C38-437F-9A36-C185353EA5A9}.Release|Any CPU.Build.0 = Release|Any CPU
		{8FFE119A-2A0B-4F51-AF67-11359B53303B}.Debug|Any CPU.ActiveCfg = Debug|Any CPU
		{8FFE119A-2A0B-4F51-AF67-11359B53303B}.Debug|Any CPU.Build.0 = Debug|Any CPU
		{8FFE119A-2A0B-4F51-AF67-11359B53303B}.Release|Any CPU.ActiveCfg = Release|Any CPU
		{8FFE119A-2A0B-4F51-AF67-11359B53303B}.Release|Any CPU.Build.0 = Release|Any CPU
	EndGlobalSection
	GlobalSection(SolutionProperties) = preSolution
		HideSolutionNode = FALSE
	EndGlobalSection
	GlobalSection(ExtensibilityGlobals) = postSolution
		SolutionGuid = {00674CC7-5E33-4409-8826-4CC94E25E854}
	EndGlobalSection
EndGlobal
